// !$*UTF8*$!
{
	archiveVersion = 1;
	classes = {
	};
	objectVersion = 50;
	objects = {

/* Begin PBXBuildFile section */
		2F1D8B7F23DDD388005C4A61 /* HomeVC.swift in Sources */ = {isa = PBXBuildFile; fileRef = 2F1D8B7E23DDD388005C4A61 /* HomeVC.swift */; };
		2F1D8B8423DDD3C6005C4A61 /* ScrollStackController.swift in Sources */ = {isa = PBXBuildFile; fileRef = 2F1D8B8323DDD3C6005C4A61 /* ScrollStackController.swift */; };
		2F1D8B8723DDDA3F005C4A61 /* ViewControllerExtension.swift in Sources */ = {isa = PBXBuildFile; fileRef = 2F1D8B8623DDDA3F005C4A61 /* ViewControllerExtension.swift */; };
		2F1D8B8923DDDA4C005C4A61 /* LabelExtensions.swift in Sources */ = {isa = PBXBuildFile; fileRef = 2F1D8B8823DDDA4C005C4A61 /* LabelExtensions.swift */; };
		2FD04BBD23DB041B00FF2D15 /* AppDelegate.swift in Sources */ = {isa = PBXBuildFile; fileRef = 2FD04BBC23DB041B00FF2D15 /* AppDelegate.swift */; };
		2FD04BBF23DB041B00FF2D15 /* ViewController.swift in Sources */ = {isa = PBXBuildFile; fileRef = 2FD04BBE23DB041B00FF2D15 /* ViewController.swift */; };
		2FD04BC223DB041B00FF2D15 /* Main.storyboard in Resources */ = {isa = PBXBuildFile; fileRef = 2FD04BC023DB041B00FF2D15 /* Main.storyboard */; };
		2FD04BC423DB041D00FF2D15 /* Assets.xcassets in Resources */ = {isa = PBXBuildFile; fileRef = 2FD04BC323DB041D00FF2D15 /* Assets.xcassets */; };
		2FD04BC723DB041D00FF2D15 /* LaunchScreen.storyboard in Resources */ = {isa = PBXBuildFile; fileRef = 2FD04BC523DB041D00FF2D15 /* LaunchScreen.storyboard */; };
		AA065FB023DDE04300DAD529 /* Montserrat in Resources */ = {isa = PBXBuildFile; fileRef = AA065FAF23DDE04300DAD529 /* Montserrat */; };
/* End PBXBuildFile section */

/* Begin PBXFileReference section */
		2F1D8B7E23DDD388005C4A61 /* HomeVC.swift */ = {isa = PBXFileReference; lastKnownFileType = sourcecode.swift; path = HomeVC.swift; sourceTree = "<group>"; };
		2F1D8B8323DDD3C6005C4A61 /* ScrollStackController.swift */ = {isa = PBXFileReference; lastKnownFileType = sourcecode.swift; path = ScrollStackController.swift; sourceTree = "<group>"; };
		2F1D8B8623DDDA3F005C4A61 /* ViewControllerExtension.swift */ = {isa = PBXFileReference; lastKnownFileType = sourcecode.swift; path = ViewControllerExtension.swift; sourceTree = "<group>"; };
		2F1D8B8823DDDA4C005C4A61 /* LabelExtensions.swift */ = {isa = PBXFileReference; lastKnownFileType = sourcecode.swift; path = LabelExtensions.swift; sourceTree = "<group>"; };
		2FD04BB923DB041B00FF2D15 /* Tensend.app */ = {isa = PBXFileReference; explicitFileType = wrapper.application; includeInIndex = 0; path = Tensend.app; sourceTree = BUILT_PRODUCTS_DIR; };
		2FD04BBC23DB041B00FF2D15 /* AppDelegate.swift */ = {isa = PBXFileReference; lastKnownFileType = sourcecode.swift; path = AppDelegate.swift; sourceTree = "<group>"; };
		2FD04BBE23DB041B00FF2D15 /* ViewController.swift */ = {isa = PBXFileReference; lastKnownFileType = sourcecode.swift; path = ViewController.swift; sourceTree = "<group>"; };
		2FD04BC123DB041B00FF2D15 /* Base */ = {isa = PBXFileReference; lastKnownFileType = file.storyboard; name = Base; path = Base.lproj/Main.storyboard; sourceTree = "<group>"; };
		2FD04BC323DB041D00FF2D15 /* Assets.xcassets */ = {isa = PBXFileReference; lastKnownFileType = folder.assetcatalog; path = Assets.xcassets; sourceTree = "<group>"; };
		2FD04BC623DB041D00FF2D15 /* Base */ = {isa = PBXFileReference; lastKnownFileType = file.storyboard; name = Base; path = Base.lproj/LaunchScreen.storyboard; sourceTree = "<group>"; };
		2FD04BC823DB041D00FF2D15 /* Info.plist */ = {isa = PBXFileReference; lastKnownFileType = text.plist.xml; path = Info.plist; sourceTree = "<group>"; };
		AA065FAF23DDE04300DAD529 /* Montserrat */ = {isa = PBXFileReference; lastKnownFileType = folder; path = Montserrat; sourceTree = "<group>"; };
/* End PBXFileReference section */

/* Begin PBXFrameworksBuildPhase section */
		2FD04BB623DB041B00FF2D15 /* Frameworks */ = {
			isa = PBXFrameworksBuildPhase;
			buildActionMask = 2147483647;
			files = (
			);
			runOnlyForDeploymentPostprocessing = 0;
		};
/* End PBXFrameworksBuildPhase section */

/* Begin PBXGroup section */
		2F1D8B8023DDD38D005C4A61 /* Home */ = {
			isa = PBXGroup;
			children = (
				2F1D8B7E23DDD388005C4A61 /* HomeVC.swift */,
				2F1D8B8523DDD776005C4A61 /* Home Views */,
			);
			path = Home;
			sourceTree = "<group>";
		};
		2F1D8B8223DDD3A5005C4A61 /* Extensions */ = {
			isa = PBXGroup;
			children = (
				2F1D8B8323DDD3C6005C4A61 /* ScrollStackController.swift */,
				2F1D8B8623DDDA3F005C4A61 /* ViewControllerExtension.swift */,
				2F1D8B8823DDDA4C005C4A61 /* LabelExtensions.swift */,
			);
			path = Extensions;
			sourceTree = "<group>";
		};
		2F1D8B8523DDD776005C4A61 /* Home Views */ = {
			isa = PBXGroup;
			children = (
			);
			path = "Home Views";
			sourceTree = "<group>";
		};
		2FD04BB023DB041B00FF2D15 = {
			isa = PBXGroup;
			children = (
				2FD04BBB23DB041B00FF2D15 /* Tensend */,
				2FD04BBA23DB041B00FF2D15 /* Products */,
			);
			sourceTree = "<group>";
		};
		2FD04BBA23DB041B00FF2D15 /* Products */ = {
			isa = PBXGroup;
			children = (
				2FD04BB923DB041B00FF2D15 /* Tensend.app */,
			);
			name = Products;
			sourceTree = "<group>";
		};
		2FD04BBB23DB041B00FF2D15 /* Tensend */ = {
			isa = PBXGroup;
			children = (
				AA065FAF23DDE04300DAD529 /* Montserrat */,
				2FD04BBC23DB041B00FF2D15 /* AppDelegate.swift */,
				2FD04BBE23DB041B00FF2D15 /* ViewController.swift */,
				2F1D8B8223DDD3A5005C4A61 /* Extensions */,
				2F1D8B8023DDD38D005C4A61 /* Home */,
				2FD04BC023DB041B00FF2D15 /* Main.storyboard */,
				2FD04BC323DB041D00FF2D15 /* Assets.xcassets */,
				2FD04BC523DB041D00FF2D15 /* LaunchScreen.storyboard */,
				2FD04BC823DB041D00FF2D15 /* Info.plist */,
			);
			path = Tensend;
			sourceTree = "<group>";
		};
/* End PBXGroup section */

/* Begin PBXNativeTarget section */
		2FD04BB823DB041B00FF2D15 /* Tensend */ = {
			isa = PBXNativeTarget;
			buildConfigurationList = 2FD04BCB23DB041D00FF2D15 /* Build configuration list for PBXNativeTarget "Tensend" */;
			buildPhases = (
				2FD04BB523DB041B00FF2D15 /* Sources */,
				2FD04BB623DB041B00FF2D15 /* Frameworks */,
				2FD04BB723DB041B00FF2D15 /* Resources */,
			);
			buildRules = (
			);
			dependencies = (
			);
			name = Tensend;
			productName = Tensend;
			productReference = 2FD04BB923DB041B00FF2D15 /* Tensend.app */;
			productType = "com.apple.product-type.application";
		};
/* End PBXNativeTarget section */

/* Begin PBXProject section */
		2FD04BB123DB041B00FF2D15 /* Project object */ = {
			isa = PBXProject;
			attributes = {
				LastSwiftUpdateCheck = 1020;
				LastUpgradeCheck = 1020;
				ORGANIZATIONNAME = Sultan;
				TargetAttributes = {
					2FD04BB823DB041B00FF2D15 = {
						CreatedOnToolsVersion = 10.2;
					};
				};
			};
			buildConfigurationList = 2FD04BB423DB041B00FF2D15 /* Build configuration list for PBXProject "Tensend" */;
			compatibilityVersion = "Xcode 9.3";
			developmentRegion = en;
			hasScannedForEncodings = 0;
			knownRegions = (
				en,
				Base,
			);
			mainGroup = 2FD04BB023DB041B00FF2D15;
			productRefGroup = 2FD04BBA23DB041B00FF2D15 /* Products */;
			projectDirPath = "";
			projectRoot = "";
			targets = (
				2FD04BB823DB041B00FF2D15 /* Tensend */,
			);
		};
/* End PBXProject section */

/* Begin PBXResourcesBuildPhase section */
		2FD04BB723DB041B00FF2D15 /* Resources */ = {
			isa = PBXResourcesBuildPhase;
			buildActionMask = 2147483647;
			files = (
				2FD04BC723DB041D00FF2D15 /* LaunchScreen.storyboard in Resources */,
				AA065FB023DDE04300DAD529 /* Montserrat in Resources */,
				2FD04BC423DB041D00FF2D15 /* Assets.xcassets in Resources */,
				2FD04BC223DB041B00FF2D15 /* Main.storyboard in Resources */,
			);
			runOnlyForDeploymentPostprocessing = 0;
		};
/* End PBXResourcesBuildPhase section */

/* Begin PBXSourcesBuildPhase section */
		2FD04BB523DB041B00FF2D15 /* Sources */ = {
			isa = PBXSourcesBuildPhase;
			buildActionMask = 2147483647;
			files = (
				2F1D8B7F23DDD388005C4A61 /* HomeVC.swift in Sources */,
				2FD04BBF23DB041B00FF2D15 /* ViewController.swift in Sources */,
				2F1D8B8923DDDA4C005C4A61 /* LabelExtensions.swift in Sources */,
				2FD04BBD23DB041B00FF2D15 /* AppDelegate.swift in Sources */,
				2F1D8B8723DDDA3F005C4A61 /* ViewControllerExtension.swift in Sources */,
				2F1D8B8423DDD3C6005C4A61 /* ScrollStackController.swift in Sources */,
			);
			runOnlyForDeploymentPostprocessing = 0;
		};
/* End PBXSourcesBuildPhase section */

/* Begin PBXVariantGroup section */
		2FD04BC023DB041B00FF2D15 /* Main.storyboard */ = {
			isa = PBXVariantGroup;
			children = (
				2FD04BC123DB041B00FF2D15 /* Base */,
			);
			name = Main.storyboard;
			sourceTree = "<group>";
		};
		2FD04BC523DB041D00FF2D15 /* LaunchScreen.storyboard */ = {
			isa = PBXVariantGroup;
			children = (
				2FD04BC623DB041D00FF2D15 /* Base */,
			);
			name = LaunchScreen.storyboard;
			sourceTree = "<group>";
		};
/* End PBXVariantGroup section */

/* Begin XCBuildConfiguration section */
		2FD04BC923DB041D00FF2D15 /* Debug */ = {
			isa = XCBuildConfiguration;
			buildSettings = {
				ALWAYS_SEARCH_USER_PATHS = NO;
				CLANG_ANALYZER_NONNULL = YES;
				CLANG_ANALYZER_NUMBER_OBJECT_CONVERSION = YES_AGGRESSIVE;
				CLANG_CXX_LANGUAGE_STANDARD = "gnu++14";
				CLANG_CXX_LIBRARY = "libc++";
				CLANG_ENABLE_MODULES = YES;
				CLANG_ENABLE_OBJC_ARC = YES;
				CLANG_ENABLE_OBJC_WEAK = YES;
				CLANG_WARN_BLOCK_CAPTURE_AUTORELEASING = YES;
				CLANG_WARN_BOOL_CONVERSION = YES;
				CLANG_WARN_COMMA = YES;
				CLANG_WARN_CONSTANT_CONVERSION = YES;
				CLANG_WARN_DEPRECATED_OBJC_IMPLEMENTATIONS = YES;
				CLANG_WARN_DIRECT_OBJC_ISA_USAGE = YES_ERROR;
				CLANG_WARN_DOCUMENTATION_COMMENTS = YES;
				CLANG_WARN_EMPTY_BODY = YES;
				CLANG_WARN_ENUM_CONVERSION = YES;
				CLANG_WARN_INFINITE_RECURSION = YES;
				CLANG_WARN_INT_CONVERSION = YES;
				CLANG_WARN_NON_LITERAL_NULL_CONVERSION = YES;
				CLANG_WARN_OBJC_IMPLICIT_RETAIN_SELF = YES;
				CLANG_WARN_OBJC_LITERAL_CONVERSION = YES;
				CLANG_WARN_OBJC_ROOT_CLASS = YES_ERROR;
				CLANG_WARN_RANGE_LOOP_ANALYSIS = YES;
				CLANG_WARN_STRICT_PROTOTYPES = YES;
				CLANG_WARN_SUSPICIOUS_MOVE = YES;
				CLANG_WARN_UNGUARDED_AVAILABILITY = YES_AGGRESSIVE;
				CLANG_WARN_UNREACHABLE_CODE = YES;
				CLANG_WARN__DUPLICATE_METHOD_MATCH = YES;
				CODE_SIGN_IDENTITY = "iPhone Developer";
				COPY_PHASE_STRIP = NO;
				DEBUG_INFORMATION_FORMAT = dwarf;
				ENABLE_STRICT_OBJC_MSGSEND = YES;
				ENABLE_TESTABILITY = YES;
				GCC_C_LANGUAGE_STANDARD = gnu11;
				GCC_DYNAMIC_NO_PIC = NO;
				GCC_NO_COMMON_BLOCKS = YES;
				GCC_OPTIMIZATION_LEVEL = 0;
				GCC_PREPROCESSOR_DEFINITIONS = (
					"DEBUG=1",
					"$(inherited)",
				);
				GCC_WARN_64_TO_32_BIT_CONVERSION = YES;
				GCC_WARN_ABOUT_RETURN_TYPE = YES_ERROR;
				GCC_WARN_UNDECLARED_SELECTOR = YES;
				GCC_WARN_UNINITIALIZED_AUTOS = YES_AGGRESSIVE;
				GCC_WARN_UNUSED_FUNCTION = YES;
				GCC_WARN_UNUSED_VARIABLE = YES;
				IPHONEOS_DEPLOYMENT_TARGET = 11;
				MTL_ENABLE_DEBUG_INFO = INCLUDE_SOURCE;
				MTL_FAST_MATH = YES;
				ONLY_ACTIVE_ARCH = YES;
				SDKROOT = iphoneos;
				SWIFT_ACTIVE_COMPILATION_CONDITIONS = DEBUG;
				SWIFT_OPTIMIZATION_LEVEL = "-Onone";
			};
			name = Debug;
		};
		2FD04BCA23DB041D00FF2D15 /* Release */ = {
			isa = XCBuildConfiguration;
			buildSettings = {
				ALWAYS_SEARCH_USER_PATHS = NO;
				CLANG_ANALYZER_NONNULL = YES;
				CLANG_ANALYZER_NUMBER_OBJECT_CONVERSION = YES_AGGRESSIVE;
				CLANG_CXX_LANGUAGE_STANDARD = "gnu++14";
				CLANG_CXX_LIBRARY = "libc++";
				CLANG_ENABLE_MODULES = YES;
				CLANG_ENABLE_OBJC_ARC = YES;
				CLANG_ENABLE_OBJC_WEAK = YES;
				CLANG_WARN_BLOCK_CAPTURE_AUTORELEASING = YES;
				CLANG_WARN_BOOL_CONVERSION = YES;
				CLANG_WARN_COMMA = YES;
				CLANG_WARN_CONSTANT_CONVERSION = YES;
				CLANG_WARN_DEPRECATED_OBJC_IMPLEMENTATIONS = YES;
				CLANG_WARN_DIRECT_OBJC_ISA_USAGE = YES_ERROR;
				CLANG_WARN_DOCUMENTATION_COMMENTS = YES;
				CLANG_WARN_EMPTY_BODY = YES;
				CLANG_WARN_ENUM_CONVERSION = YES;
				CLANG_WARN_INFINITE_RECURSION = YES;
				CLANG_WARN_INT_CONVERSION = YES;
				CLANG_WARN_NON_LITERAL_NULL_CONVERSION = YES;
				CLANG_WARN_OBJC_IMPLICIT_RETAIN_SELF = YES;
				CLANG_WARN_OBJC_LITERAL_CONVERSION = YES;
				CLANG_WARN_OBJC_ROOT_CLASS = YES_ERROR;
				CLANG_WARN_RANGE_LOOP_ANALYSIS = YES;
				CLANG_WARN_STRICT_PROTOTYPES = YES;
				CLANG_WARN_SUSPICIOUS_MOVE = YES;
				CLANG_WARN_UNGUARDED_AVAILABILITY = YES_AGGRESSIVE;
				CLANG_WARN_UNREACHABLE_CODE = YES;
				CLANG_WARN__DUPLICATE_METHOD_MATCH = YES;
				CODE_SIGN_IDENTITY = "iPhone Developer";
				COPY_PHASE_STRIP = NO;
				DEBUG_INFORMATION_FORMAT = "dwarf-with-dsym";
				ENABLE_NS_ASSERTIONS = NO;
				ENABLE_STRICT_OBJC_MSGSEND = YES;
				GCC_C_LANGUAGE_STANDARD = gnu11;
				GCC_NO_COMMON_BLOCKS = YES;
				GCC_WARN_64_TO_32_BIT_CONVERSION = YES;
				GCC_WARN_ABOUT_RETURN_TYPE = YES_ERROR;
				GCC_WARN_UNDECLARED_SELECTOR = YES;
				GCC_WARN_UNINITIALIZED_AUTOS = YES_AGGRESSIVE;
				GCC_WARN_UNUSED_FUNCTION = YES;
				GCC_WARN_UNUSED_VARIABLE = YES;
				IPHONEOS_DEPLOYMENT_TARGET = 11;
				MTL_ENABLE_DEBUG_INFO = NO;
				MTL_FAST_MATH = YES;
				SDKROOT = iphoneos;
				SWIFT_COMPILATION_MODE = wholemodule;
				SWIFT_OPTIMIZATION_LEVEL = "-O";
				VALIDATE_PRODUCT = YES;
			};
			name = Release;
		};
		2FD04BCC23DB041D00FF2D15 /* Debug */ = {
			isa = XCBuildConfiguration;
			buildSettings = {
				ASSETCATALOG_COMPILER_APPICON_NAME = AppIcon;
				CODE_SIGN_STYLE = Automatic;
				DEVELOPMENT_TEAM = R5W6A2A7L3;
				INFOPLIST_FILE = Tensend/Info.plist;
				LD_RUNPATH_SEARCH_PATHS = (
					"$(inherited)",
					"@executable_path/Frameworks",
				);
				PRODUCT_BUNDLE_IDENTIFIER = code.Tensend;
				PRODUCT_NAME = "$(TARGET_NAME)";
				SWIFT_VERSION = 5.0;
				TARGETED_DEVICE_FAMILY = "1,2";
			};
			name = Debug;
		};
		2FD04BCD23DB041D00FF2D15 /* Release */ = {
			isa = XCBuildConfiguration;
			buildSettings = {
				ASSETCATALOG_COMPILER_APPICON_NAME = AppIcon;
				CODE_SIGN_STYLE = Automatic;
				DEVELOPMENT_TEAM = R5W6A2A7L3;
				INFOPLIST_FILE = Tensend/Info.plist;
				LD_RUNPATH_SEARCH_PATHS = (
					"$(inherited)",
					"@executable_path/Frameworks",
				);
				PRODUCT_BUNDLE_IDENTIFIER = code.Tensend;
				PRODUCT_NAME = "$(TARGET_NAME)";
				SWIFT_VERSION = 5.0;
				TARGETED_DEVICE_FAMILY = "1,2";
			};
			name = Release;
		};
/* End XCBuildConfiguration section */

/* Begin XCConfigurationList section */
		2FD04BB423DB041B00FF2D15 /* Build configuration list for PBXProject "Tensend" */ = {
			isa = XCConfigurationList;
			buildConfigurations = (
				2FD04BC923DB041D00FF2D15 /* Debug */,
				2FD04BCA23DB041D00FF2D15 /* Release */,
			);
			defaultConfigurationIsVisible = 0;
			defaultConfigurationName = Release;
		};
		2FD04BCB23DB041D00FF2D15 /* Build configuration list for PBXNativeTarget "Tensend" */ = {
			isa = XCConfigurationList;
			buildConfigurations = (
				2FD04BCC23DB041D00FF2D15 /* Debug */,
				2FD04BCD23DB041D00FF2D15 /* Release */,
			);
			defaultConfigurationIsVisible = 0;
			defaultConfigurationName = Release;
		};
/* End XCConfigurationList section */
	};
	rootObject = 2FD04BB123DB041B00FF2D15 /* Project object */;
}
